// !$*UTF8*$!
{
	archiveVersion = 1;
	classes = {
	};
	objectVersion = 46;
	objects = {

/* Begin PBXBuildFile section */
		AECF16921B0E0C0200CC83B2 /* main.m in Sources */ = {isa = PBXBuildFile; fileRef = AECF16911B0E0C0200CC83B2 /* main.m */; };
		AECF16951B0E0C0200CC83B2 /* AppDelegate.m in Sources */ = {isa = PBXBuildFile; fileRef = AECF16941B0E0C0200CC83B2 /* AppDelegate.m */; };
		AECF16981B0E0C0200CC83B2 /* ViewController.m in Sources */ = {isa = PBXBuildFile; fileRef = AECF16971B0E0C0200CC83B2 /* ViewController.m */; };
		AECF169B1B0E0C0200CC83B2 /* Main.storyboard in Resources */ = {isa = PBXBuildFile; fileRef = AECF16991B0E0C0200CC83B2 /* Main.storyboard */; };
		AECF169D1B0E0C0200CC83B2 /* Images.xcassets in Resources */ = {isa = PBXBuildFile; fileRef = AECF169C1B0E0C0200CC83B2 /* Images.xcassets */; };
		AECF16A01B0E0C0200CC83B2 /* LaunchScreen.xib in Resources */ = {isa = PBXBuildFile; fileRef = AECF169E1B0E0C0200CC83B2 /* LaunchScreen.xib */; };
		AECF16AC1B0E0C0200CC83B2 /* Pushtest2Tests.m in Sources */ = {isa = PBXBuildFile; fileRef = AECF16AB1B0E0C0200CC83B2 /* Pushtest2Tests.m */; };
		AECF16B61B0E0C0C00CC83B2 /* EstimoteSDK.framework in Frameworks */ = {isa = PBXBuildFile; fileRef = AECF16B51B0E0C0C00CC83B2 /* EstimoteSDK.framework */; };
/* End PBXBuildFile section */

/* Begin PBXContainerItemProxy section */
		AECF16A61B0E0C0200CC83B2 /* PBXContainerItemProxy */ = {
			isa = PBXContainerItemProxy;
			containerPortal = AECF16841B0E0C0200CC83B2 /* Project object */;
			proxyType = 1;
			remoteGlobalIDString = AECF168B1B0E0C0200CC83B2;
			remoteInfo = Pushtest2;
		};
/* End PBXContainerItemProxy section */

/* Begin PBXFileReference section */
		AECF168C1B0E0C0200CC83B2 /* Pushtest2.app */ = {isa = PBXFileReference; explicitFileType = wrapper.application; includeInIndex = 0; path = Pushtest2.app; sourceTree = BUILT_PRODUCTS_DIR; };
		AECF16901B0E0C0200CC83B2 /* Info.plist */ = {isa = PBXFileReference; lastKnownFileType = text.plist.xml; path = Info.plist; sourceTree = "<group>"; };
		AECF16911B0E0C0200CC83B2 /* main.m */ = {isa = PBXFileReference; lastKnownFileType = sourcecode.c.objc; path = main.m; sourceTree = "<group>"; };
		AECF16931B0E0C0200CC83B2 /* AppDelegate.h */ = {isa = PBXFileReference; lastKnownFileType = sourcecode.c.h; path = AppDelegate.h; sourceTree = "<group>"; };
		AECF16941B0E0C0200CC83B2 /* AppDelegate.m */ = {isa = PBXFileReference; lastKnownFileType = sourcecode.c.objc; path = AppDelegate.m; sourceTree = "<group>"; };
		AECF16961B0E0C0200CC83B2 /* ViewController.h */ = {isa = PBXFileReference; lastKnownFileType = sourcecode.c.h; path = ViewController.h; sourceTree = "<group>"; };
		AECF16971B0E0C0200CC83B2 /* ViewController.m */ = {isa = PBXFileReference; lastKnownFileType = sourcecode.c.objc; path = ViewController.m; sourceTree = "<group>"; };
		AECF169A1B0E0C0200CC83B2 /* Base */ = {isa = PBXFileReference; lastKnownFileType = file.storyboard; name = Base; path = Base.lproj/Main.storyboard; sourceTree = "<group>"; };
		AECF169C1B0E0C0200CC83B2 /* Images.xcassets */ = {isa = PBXFileReference; lastKnownFileType = folder.assetcatalog; path = Images.xcassets; sourceTree = "<group>"; };
		AECF169F1B0E0C0200CC83B2 /* Base */ = {isa = PBXFileReference; lastKnownFileType = file.xib; name = Base; path = Base.lproj/LaunchScreen.xib; sourceTree = "<group>"; };
		AECF16A51B0E0C0200CC83B2 /* Pushtest2Tests.xctest */ = {isa = PBXFileReference; explicitFileType = wrapper.cfbundle; includeInIndex = 0; path = Pushtest2Tests.xctest; sourceTree = BUILT_PRODUCTS_DIR; };
		AECF16AA1B0E0C0200CC83B2 /* Info.plist */ = {isa = PBXFileReference; lastKnownFileType = text.plist.xml; path = Info.plist; sourceTree = "<group>"; };
		AECF16AB1B0E0C0200CC83B2 /* Pushtest2Tests.m */ = {isa = PBXFileReference; lastKnownFileType = sourcecode.c.objc; path = Pushtest2Tests.m; sourceTree = "<group>"; };
		AECF16B51B0E0C0C00CC83B2 /* EstimoteSDK.framework */ = {isa = PBXFileReference; lastKnownFileType = wrapper.framework; path = EstimoteSDK.framework; sourceTree = "<group>"; };
/* End PBXFileReference section */

/* Begin PBXFrameworksBuildPhase section */
		AECF16891B0E0C0200CC83B2 /* Frameworks */ = {
			isa = PBXFrameworksBuildPhase;
			buildActionMask = 2147483647;
			files = (
				AECF16B61B0E0C0C00CC83B2 /* EstimoteSDK.framework in Frameworks */,
			);
			runOnlyForDeploymentPostprocessing = 0;
		};
		AECF16A21B0E0C0200CC83B2 /* Frameworks */ = {
			isa = PBXFrameworksBuildPhase;
			buildActionMask = 2147483647;
			files = (
			);
			runOnlyForDeploymentPostprocessing = 0;
		};
/* End PBXFrameworksBuildPhase section */

/* Begin PBXGroup section */
		AECF16831B0E0C0200CC83B2 = {
			isa = PBXGroup;
			children = (
				AECF16B51B0E0C0C00CC83B2 /* EstimoteSDK.framework */,
				AECF168E1B0E0C0200CC83B2 /* Pushtest2 */,
				AECF16A81B0E0C0200CC83B2 /* Pushtest2Tests */,
				AECF168D1B0E0C0200CC83B2 /* Products */,
			);
			sourceTree = "<group>";
		};
		AECF168D1B0E0C0200CC83B2 /* Products */ = {
			isa = PBXGroup;
			children = (
				AECF168C1B0E0C0200CC83B2 /* Pushtest2.app */,
				AECF16A51B0E0C0200CC83B2 /* Pushtest2Tests.xctest */,
			);
			name = Products;
			sourceTree = "<group>";
		};
		AECF168E1B0E0C0200CC83B2 /* Pushtest2 */ = {
			isa = PBXGroup;
			children = (
				AECF16931B0E0C0200CC83B2 /* AppDelegate.h */,
				AECF16941B0E0C0200CC83B2 /* AppDelegate.m */,
				AECF16961B0E0C0200CC83B2 /* ViewController.h */,
				AECF16971B0E0C0200CC83B2 /* ViewController.m */,
				AECF16991B0E0C0200CC83B2 /* Main.storyboard */,
				AECF169C1B0E0C0200CC83B2 /* Images.xcassets */,
				AECF169E1B0E0C0200CC83B2 /* LaunchScreen.xib */,
				AECF168F1B0E0C0200CC83B2 /* Supporting Files */,
			);
			path = Pushtest2;
			sourceTree = "<group>";
		};
		AECF168F1B0E0C0200CC83B2 /* Supporting Files */ = {
			isa = PBXGroup;
			children = (
				AECF16901B0E0C0200CC83B2 /* Info.plist */,
				AECF16911B0E0C0200CC83B2 /* main.m */,
			);
			name = "Supporting Files";
			sourceTree = "<group>";
		};
		AECF16A81B0E0C0200CC83B2 /* Pushtest2Tests */ = {
			isa = PBXGroup;
			children = (
				AECF16AB1B0E0C0200CC83B2 /* Pushtest2Tests.m */,
				AECF16A91B0E0C0200CC83B2 /* Supporting Files */,
			);
			path = Pushtest2Tests;
			sourceTree = "<group>";
		};
		AECF16A91B0E0C0200CC83B2 /* Supporting Files */ = {
			isa = PBXGroup;
			children = (
				AECF16AA1B0E0C0200CC83B2 /* Info.plist */,
			);
			name = "Supporting Files";
			sourceTree = "<group>";
		};
/* End PBXGroup section */

/* Begin PBXNativeTarget section */
		AECF168B1B0E0C0200CC83B2 /* Pushtest2 */ = {
			isa = PBXNativeTarget;
			buildConfigurationList = AECF16AF1B0E0C0200CC83B2 /* Build configuration list for PBXNativeTarget "Pushtest2" */;
			buildPhases = (
				AECF16881B0E0C0200CC83B2 /* Sources */,
				AECF16891B0E0C0200CC83B2 /* Frameworks */,
				AECF168A1B0E0C0200CC83B2 /* Resources */,
			);
			buildRules = (
			);
			dependencies = (
			);
			name = Pushtest2;
			productName = Pushtest2;
			productReference = AECF168C1B0E0C0200CC83B2 /* Pushtest2.app */;
			productType = "com.apple.product-type.application";
		};
		AECF16A41B0E0C0200CC83B2 /* Pushtest2Tests */ = {
			isa = PBXNativeTarget;
			buildConfigurationList = AECF16B21B0E0C0200CC83B2 /* Build configuration list for PBXNativeTarget "Pushtest2Tests" */;
			buildPhases = (
				AECF16A11B0E0C0200CC83B2 /* Sources */,
				AECF16A21B0E0C0200CC83B2 /* Frameworks */,
				AECF16A31B0E0C0200CC83B2 /* Resources */,
			);
			buildRules = (
			);
			dependencies = (
				AECF16A71B0E0C0200CC83B2 /* PBXTargetDependency */,
			);
			name = Pushtest2Tests;
			productName = Pushtest2Tests;
			productReference = AECF16A51B0E0C0200CC83B2 /* Pushtest2Tests.xctest */;
			productType = "com.apple.product-type.bundle.unit-test";
		};
/* End PBXNativeTarget section */

/* Begin PBXProject section */
		AECF16841B0E0C0200CC83B2 /* Project object */ = {
			isa = PBXProject;
			attributes = {
				LastUpgradeCheck = 0630;
				ORGANIZATIONNAME = "robert.rochford@mapcoexpress.com";
				TargetAttributes = {
					AECF168B1B0E0C0200CC83B2 = {
						CreatedOnToolsVersion = 6.3.2;
					};
					AECF16A41B0E0C0200CC83B2 = {
						CreatedOnToolsVersion = 6.3.2;
						TestTargetID = AECF168B1B0E0C0200CC83B2;
					};
				};
			};
			buildConfigurationList = AECF16871B0E0C0200CC83B2 /* Build configuration list for PBXProject "Pushtest2" */;
			compatibilityVersion = "Xcode 3.2";
			developmentRegion = English;
			hasScannedForEncodings = 0;
			knownRegions = (
				en,
				Base,
			);
			mainGroup = AECF16831B0E0C0200CC83B2;
			productRefGroup = AECF168D1B0E0C0200CC83B2 /* Products */;
			projectDirPath = "";
			projectRoot = "";
			targets = (
				AECF168B1B0E0C0200CC83B2 /* Pushtest2 */,
				AECF16A41B0E0C0200CC83B2 /* Pushtest2Tests */,
			);
		};
/* End PBXProject section */

/* Begin PBXResourcesBuildPhase section */
		AECF168A1B0E0C0200CC83B2 /* Resources */ = {
			isa = PBXResourcesBuildPhase;
			buildActionMask = 2147483647;
			files = (
				AECF169B1B0E0C0200CC83B2 /* Main.storyboard in Resources */,
				AECF16A01B0E0C0200CC83B2 /* LaunchScreen.xib in Resources */,
				AECF169D1B0E0C0200CC83B2 /* Images.xcassets in Resources */,
			);
			runOnlyForDeploymentPostprocessing = 0;
		};
		AECF16A31B0E0C0200CC83B2 /* Resources */ = {
			isa = PBXResourcesBuildPhase;
			buildActionMask = 2147483647;
			files = (
			);
			runOnlyForDeploymentPostprocessing = 0;
		};
/* End PBXResourcesBuildPhase section */

/* Begin PBXSourcesBuildPhase section */
		AECF16881B0E0C0200CC83B2 /* Sources */ = {
			isa = PBXSourcesBuildPhase;
			buildActionMask = 2147483647;
			files = (
				AECF16981B0E0C0200CC83B2 /* ViewController.m in Sources */,
				AECF16951B0E0C0200CC83B2 /* AppDelegate.m in Sources */,
				AECF16921B0E0C0200CC83B2 /* main.m in Sources */,
			);
			runOnlyForDeploymentPostprocessing = 0;
		};
		AECF16A11B0E0C0200CC83B2 /* Sources */ = {
			isa = PBXSourcesBuildPhase;
			buildActionMask = 2147483647;
			files = (
				AECF16AC1B0E0C0200CC83B2 /* Pushtest2Tests.m in Sources */,
			);
			runOnlyForDeploymentPostprocessing = 0;
		};
/* End PBXSourcesBuildPhase section */

/* Begin PBXTargetDependency section */
		AECF16A71B0E0C0200CC83B2 /* PBXTargetDependency */ = {
			isa = PBXTargetDependency;
			target = AECF168B1B0E0C0200CC83B2 /* Pushtest2 */;
			targetProxy = AECF16A61B0E0C0200CC83B2 /* PBXContainerItemProxy */;
		};
/* End PBXTargetDependency section */

/* Begin PBXVariantGroup section */
		AECF16991B0E0C0200CC83B2 /* Main.storyboard */ = {
			isa = PBXVariantGroup;
			children = (
				AECF169A1B0E0C0200CC83B2 /* Base */,
			);
			name = Main.storyboard;
			sourceTree = "<group>";
		};
		AECF169E1B0E0C0200CC83B2 /* LaunchScreen.xib */ = {
			isa = PBXVariantGroup;
			children = (
				AECF169F1B0E0C0200CC83B2 /* Base */,
			);
			name = LaunchScreen.xib;
			sourceTree = "<group>";
		};
/* End PBXVariantGroup section */

/* Begin XCBuildConfiguration section */
		AECF16AD1B0E0C0200CC83B2 /* Debug */ = {
			isa = XCBuildConfiguration;
			buildSettings = {
				ALWAYS_SEARCH_USER_PATHS = NO;
				CLANG_CXX_LANGUAGE_STANDARD = "gnu++0x";
				CLANG_CXX_LIBRARY = "libc++";
				CLANG_ENABLE_MODULES = YES;
				CLANG_ENABLE_OBJC_ARC = YES;
				CLANG_WARN_BOOL_CONVERSION = YES;
				CLANG_WARN_CONSTANT_CONVERSION = YES;
				CLANG_WARN_DIRECT_OBJC_ISA_USAGE = YES_ERROR;
				CLANG_WARN_EMPTY_BODY = YES;
				CLANG_WARN_ENUM_CONVERSION = YES;
				CLANG_WARN_INT_CONVERSION = YES;
				CLANG_WARN_OBJC_ROOT_CLASS = YES_ERROR;
				CLANG_WARN_UNREACHABLE_CODE = YES;
				CLANG_WARN__DUPLICATE_METHOD_MATCH = YES;
				"CODE_SIGN_IDENTITY[sdk=iphoneos*]" = "iPhone Developer";
				COPY_PHASE_STRIP = NO;
				DEBUG_INFORMATION_FORMAT = "dwarf-with-dsym";
				ENABLE_STRICT_OBJC_MSGSEND = YES;
				GCC_C_LANGUAGE_STANDARD = gnu99;
				GCC_DYNAMIC_NO_PIC = NO;
				GCC_NO_COMMON_BLOCKS = YES;
				GCC_OPTIMIZATION_LEVEL = 0;
				GCC_PREPROCESSOR_DEFINITIONS = (
					"DEBUG=1",
					"$(inherited)",
				);
				GCC_SYMBOLS_PRIVATE_EXTERN = NO;
				GCC_WARN_64_TO_32_BIT_CONVERSION = YES;
				GCC_WARN_ABOUT_RETURN_TYPE = YES_ERROR;
				GCC_WARN_UNDECLARED_SELECTOR = YES;
				GCC_WARN_UNINITIALIZED_AUTOS = YES_AGGRESSIVE;
				GCC_WARN_UNUSED_FUNCTION = YES;
				GCC_WARN_UNUSED_VARIABLE = YES;
				IPHONEOS_DEPLOYMENT_TARGET = 8.3;
				MTL_ENABLE_DEBUG_INFO = YES;
				ONLY_ACTIVE_ARCH = YES;
				SDKROOT = iphoneos;
				TARGETED_DEVICE_FAMILY = "1,2";
			};
			name = Debug;
		};
		AECF16AE1B0E0C0200CC83B2 /* Release */ = {
			isa = XCBuildConfiguration;
			buildSettings = {
				ALWAYS_SEARCH_USER_PATHS = NO;
				CLANG_CXX_LANGUAGE_STANDARD = "gnu++0x";
				CLANG_CXX_LIBRARY = "libc++";
				CLANG_ENABLE_MODULES = YES;
				CLANG_ENABLE_OBJC_ARC = YES;
				CLANG_WARN_BOOL_CONVERSION = YES;
				CLANG_WARN_CONSTANT_CONVERSION = YES;
				CLANG_WARN_DIRECT_OBJC_ISA_USAGE = YES_ERROR;
				CLANG_WARN_EMPTY_BODY = YES;
				CLANG_WARN_ENUM_CONVERSION = YES;
				CLANG_WARN_INT_CONVERSION = YES;
				CLANG_WARN_OBJC_ROOT_CLASS = YES_ERROR;
				CLANG_WARN_UNREACHABLE_CODE = YES;
				CLANG_WARN__DUPLICATE_METHOD_MATCH = YES;
				"CODE_SIGN_IDENTITY[sdk=iphoneos*]" = "iPhone Developer";
				COPY_PHASE_STRIP = NO;
				DEBUG_INFORMATION_FORMAT = "dwarf-with-dsym";
				ENABLE_NS_ASSERTIONS = NO;
				ENABLE_STRICT_OBJC_MSGSEND = YES;
				GCC_C_LANGUAGE_STANDARD = gnu99;
				GCC_NO_COMMON_BLOCKS = YES;
				GCC_WARN_64_TO_32_BIT_CONVERSION = YES;
				GCC_WARN_ABOUT_RETURN_TYPE = YES_ERROR;
				GCC_WARN_UNDECLARED_SELECTOR = YES;
				GCC_WARN_UNINITIALIZED_AUTOS = YES_AGGRESSIVE;
				GCC_WARN_UNUSED_FUNCTION = YES;
				GCC_WARN_UNUSED_VARIABLE = YES;
				IPHONEOS_DEPLOYMENT_TARGET = 8.3;
				MTL_ENABLE_DEBUG_INFO = NO;
				SDKROOT = iphoneos;
				TARGETED_DEVICE_FAMILY = "1,2";
				VALIDATE_PRODUCT = YES;
			};
			name = Release;
		};
		AECF16B01B0E0C0200CC83B2 /* Debug */ = {
			isa = XCBuildConfiguration;
			buildSettings = {
				ASSETCATALOG_COMPILER_APPICON_NAME = AppIcon;
				FRAMEWORK_SEARCH_PATHS = (
					"$(inherited)",
					"$(PROJECT_DIR)",
				);
				INFOPLIST_FILE = Pushtest2/Info.plist;
				LD_RUNPATH_SEARCH_PATHS = "$(inherited) @executable_path/Frameworks";
				PRODUCT_NAME = "$(TARGET_NAME)";
			};
			name = Debug;
		};
		AECF16B11B0E0C0200CC83B2 /* Release */ = {
			isa = XCBuildConfiguration;
			buildSettings = {
				ASSETCATALOG_COMPILER_APPICON_NAME = AppIcon;
				FRAMEWORK_SEARCH_PATHS = (
					"$(inherited)",
					"$(PROJECT_DIR)",
				);
				INFOPLIST_FILE = Pushtest2/Info.plist;
				LD_RUNPATH_SEARCH_PATHS = "$(inherited) @executable_path/Frameworks";
				PRODUCT_NAME = "$(TARGET_NAME)";
			};
			name = Release;
		};
		AECF16B31B0E0C0200CC83B2 /* Debug */ = {
			isa = XCBuildConfiguration;
			buildSettings = {
				BUNDLE_LOADER = "$(TEST_HOST)";
				FRAMEWORK_SEARCH_PATHS = (
					"$(SDKROOT)/Developer/Library/Frameworks",
					"$(inherited)",
				);
				GCC_PREPROCESSOR_DEFINITIONS = (
					"DEBUG=1",
					"$(inherited)",
				);
				INFOPLIST_FILE = Pushtest2Tests/Info.plist;
				LD_RUNPATH_SEARCH_PATHS = "$(inherited) @executable_path/Frameworks @loader_path/Frameworks";
				PRODUCT_NAME = "$(TARGET_NAME)";
				TEST_HOST = "$(BUILT_PRODUCTS_DIR)/Pushtest2.app/Pushtest2";
			};
			name = Debug;
		};
		AECF16B41B0E0C0200CC83B2 /* Release */ = {
			isa = XCBuildConfiguration;
			buildSettings = {
				BUNDLE_LOADER = "$(TEST_HOST)";
				FRAMEWORK_SEARCH_PATHS = (
					"$(SDKROOT)/Developer/Library/Frameworks",
					"$(inherited)",
				);
				INFOPLIST_FILE = Pushtest2Tests/Info.plist;
				LD_RUNPATH_SEARCH_PATHS = "$(inherited) @executable_path/Frameworks @loader_path/Frameworks";
				PRODUCT_NAME = "$(TARGET_NAME)";
				TEST_HOST = "$(BUILT_PRODUCTS_DIR)/Pushtest2.app/Pushtest2";
			};
			name = Release;
		};
/* End XCBuildConfiguration section */

/* Begin XCConfigurationList section */
		AECF16871B0E0C0200CC83B2 /* Build configuration list for PBXProject "Pushtest2" */ = {
			isa = XCConfigurationList;
			buildConfigurations = (
				AECF16AD1B0E0C0200CC83B2 /* Debug */,
				AECF16AE1B0E0C0200CC83B2 /* Release */,
			);
			defaultConfigurationIsVisible = 0;
			defaultConfigurationName = Release;
		};
		AECF16AF1B0E0C0200CC83B2 /* Build configuration list for PBXNativeTarget "Pushtest2" */ = {
			isa = XCConfigurationList;
			buildConfigurations = (
				AECF16B01B0E0C0200CC83B2 /* Debug */,
				AECF16B11B0E0C0200CC83B2 /* Release */,
			);
			defaultConfigurationIsVisible = 0;
		};
		AECF16B21B0E0C0200CC83B2 /* Build configuration list for PBXNativeTarget "Pushtest2Tests" */ = {
			isa = XCConfigurationList;
			buildConfigurations = (
				AECF16B31B0E0C0200CC83B2 /* Debug */,
				AECF16B41B0E0C0200CC83B2 /* Release */,
			);
			defaultConfigurationIsVisible = 0;
		};
/* End XCConfigurationList section */
	};
	rootObject = AECF16841B0E0C0200CC83B2 /* Project object */;
}
